
Microsoft Visual Studio Solution File, Format Version 12.00
# Visual Studio Version 17
VisualStudioVersion = 17.0.32112.339
MinimumVisualStudioVersion = 10.0.40219.1
Project("{9A19103F-16F7-4668-BE54-9A1E7A4F7556}") = "SeleniumAutomation.Framework", "SeleniumAutomation.Framework\SeleniumAutomation.Framework.csproj", "{31121FAF-55C9-4F5A-99CA-F9EA92CAF4AE}"
EndProject
Global
	GlobalSection(SolutionConfigurationPlatforms) = preSolution
		Debug|Any CPU = Debug|Any CPU
		Release|Any CPU = Release|Any CPU
	EndGlobalSection
	GlobalSection(ProjectConfigurationPlatforms) = postSolution
		{31121FAF-55C9-4F5A-99CA-F9EA92CAF4AE}.Debug|Any CPU.ActiveCfg = Debug|Any CPU
		{31121FAF-55C9-4F5A-99CA-F9EA92CAF4AE}.Debug|Any CPU.Build.0 = Debug|Any CPU
		{31121FAF-55C9-4F5A-99CA-F9EA92CAF4AE}.Release|Any CPU.ActiveCfg = Release|Any CPU
		{31121FAF-55C9-4F5A-99CA-F9EA92CAF4AE}.Release|Any CPU.Build.0 = Release|Any CPU
	EndGlobalSection
	GlobalSection(SolutionProperties) = preSolution
		HideSolutionNode = FALSE
	EndGlobalSection
	GlobalSection(ExtensibilityGlobals) = postSolution
		SolutionGuid = {4CF403FC-CCB3-4798-AC4F-6DD264377548}
	EndGlobalSection
EndGlobal
